
Microsoft Visual Studio Solution File, Format Version 12.00
# Visual Studio Version 17
VisualStudioVersion = 17.0.31903.59
MinimumVisualStudioVersion = 10.0.40219.1
Project("{FAE04EC0-301F-11D3-BF4B-00C04F79EFBC}") = "MockingDependenciesWIthNSubstitute.Application", "MockingDependenciesWIthNSubstitute.Application\MockingDependenciesWIthNSubstitute.Application.csproj", "{237A7972-09E3-4725-AE7A-B025562DA760}"
EndProject
Project("{FAE04EC0-301F-11D3-BF4B-00C04F79EFBC}") = "MockingDependenciesWIthNSubstitute.UnitTests", "MockingDependenciesWIthNSubstitute.UnitTests\MockingDependenciesWIthNSubstitute.UnitTests.csproj", "{064298AA-C605-4CD2-A9AA-62FEB45524AA}"
EndProject
Global
	GlobalSection(SolutionConfigurationPlatforms) = preSolution
		Debug|Any CPU = Debug|Any CPU
		Release|Any CPU = Release|Any CPU
	EndGlobalSection
	GlobalSection(SolutionProperties) = preSolution
		HideSolutionNode = FALSE
	EndGlobalSection
	GlobalSection(ProjectConfigurationPlatforms) = postSolution
		{237A7972-09E3-4725-AE7A-B025562DA760}.Debug|Any CPU.ActiveCfg = Debug|Any CPU
		{237A7972-09E3-4725-AE7A-B025562DA760}.Debug|Any CPU.Build.0 = Debug|Any CPU
		{237A7972-09E3-4725-AE7A-B025562DA760}.Release|Any CPU.ActiveCfg = Release|Any CPU
		{237A7972-09E3-4725-AE7A-B025562DA760}.Release|Any CPU.Build.0 = Release|Any CPU
		{064298AA-C605-4CD2-A9AA-62FEB45524AA}.Debug|Any CPU.ActiveCfg = Debug|Any CPU
		{064298AA-C605-4CD2-A9AA-62FEB45524AA}.Debug|Any CPU.Build.0 = Debug|Any CPU
		{064298AA-C605-4CD2-A9AA-62FEB45524AA}.Release|Any CPU.ActiveCfg = Release|Any CPU
		{064298AA-C605-4CD2-A9AA-62FEB45524AA}.Release|Any CPU.Build.0 = Release|Any CPU
	EndGlobalSection
EndGlobal
